
Microsoft Visual Studio Solution File, Format Version 12.00
# Visual Studio Version 17
VisualStudioVersion = 17.5.33627.172
MinimumVisualStudioVersion = 10.0.40219.1
Project("{FAE04EC0-301F-11D3-BF4B-00C04F79EFBC}") = "TechPays", "TechPays.csproj", "{CBDA8154-3027-423D-8C08-9913F55003B9}"
EndProject
Global
	GlobalSection(SolutionConfigurationPlatforms) = preSolution
		Debug|Any CPU = Debug|Any CPU
		Release|Any CPU = Release|Any CPU
	EndGlobalSection
	GlobalSection(ProjectConfigurationPlatforms) = postSolution
		{CBDA8154-3027-423D-8C08-9913F55003B9}.Debug|Any CPU.ActiveCfg = Debug|Any CPU
		{CBDA8154-3027-423D-8C08-9913F55003B9}.Debug|Any CPU.Build.0 = Debug|Any CPU
		{CBDA8154-3027-423D-8C08-9913F55003B9}.Release|Any CPU.ActiveCfg = Release|Any CPU
		{CBDA8154-3027-423D-8C08-9913F55003B9}.Release|Any CPU.Build.0 = Release|Any CPU
	EndGlobalSection
	GlobalSection(SolutionProperties) = preSolution
		HideSolutionNode = FALSE
	EndGlobalSection
	GlobalSection(ExtensibilityGlobals) = postSolution
		SolutionGuid = {F1652691-91CE-4BBC-8BB1-665BC775D38D}
	EndGlobalSection
EndGlobal
